
Microsoft Visual Studio Solution File, Format Version 12.00
# Visual Studio 15
VisualStudioVersion = 15.0.27703.2042
MinimumVisualStudioVersion = 10.0.40219.1
Project("{FAE04EC0-301F-11D3-BF4B-00C04F79EFBC}") = "todo_api", "todo_api\todo_api.csproj", "{43731A5F-BFDD-4467-89A2-B74B7BA7F646}"
EndProject
Project("{FAE04EC0-301F-11D3-BF4B-00C04F79EFBC}") = "todo_api_testcases", "todo_api_testcases\todo_api_testcases.csproj", "{235B96EF-73C8-4365-BF55-13789F672FA2}"
EndProject
Global
	GlobalSection(SolutionConfigurationPlatforms) = preSolution
		Debug|Any CPU = Debug|Any CPU
		Release|Any CPU = Release|Any CPU
	EndGlobalSection
	GlobalSection(ProjectConfigurationPlatforms) = postSolution
		{43731A5F-BFDD-4467-89A2-B74B7BA7F646}.Debug|Any CPU.ActiveCfg = Debug|Any CPU
		{43731A5F-BFDD-4467-89A2-B74B7BA7F646}.Debug|Any CPU.Build.0 = Debug|Any CPU
		{43731A5F-BFDD-4467-89A2-B74B7BA7F646}.Release|Any CPU.ActiveCfg = Release|Any CPU
		{43731A5F-BFDD-4467-89A2-B74B7BA7F646}.Release|Any CPU.Build.0 = Release|Any CPU
		{235B96EF-73C8-4365-BF55-13789F672FA2}.Debug|Any CPU.ActiveCfg = Debug|Any CPU
		{235B96EF-73C8-4365-BF55-13789F672FA2}.Debug|Any CPU.Build.0 = Debug|Any CPU
		{235B96EF-73C8-4365-BF55-13789F672FA2}.Release|Any CPU.ActiveCfg = Release|Any CPU
		{235B96EF-73C8-4365-BF55-13789F672FA2}.Release|Any CPU.Build.0 = Release|Any CPU
	EndGlobalSection
	GlobalSection(SolutionProperties) = preSolution
		HideSolutionNode = FALSE
	EndGlobalSection
	GlobalSection(ExtensibilityGlobals) = postSolution
		SolutionGuid = {3AD178BB-0664-4ACE-999F-50E04161A2AE}
	EndGlobalSection
EndGlobal
